
Microsoft Visual Studio Solution File, Format Version 12.00
# Visual Studio Version 17
VisualStudioVersion = 17.14.36408.4 d17.14
MinimumVisualStudioVersion = 10.0.40219.1
Project("{FAE04EC0-301F-11D3-BF4B-00C04F79EFBC}") = "LPR381ProjectGS2", "LPR381ProjectGS2.csproj", "{535CF39E-DCAB-4CB9-8921-27F63403276C}"
EndProject
Global
	GlobalSection(SolutionConfigurationPlatforms) = preSolution
		Debug|Any CPU = Debug|Any CPU
		Release|Any CPU = Release|Any CPU
	EndGlobalSection
	GlobalSection(ProjectConfigurationPlatforms) = postSolution
		{535CF39E-DCAB-4CB9-8921-27F63403276C}.Debug|Any CPU.ActiveCfg = Debug|Any CPU
		{535CF39E-DCAB-4CB9-8921-27F63403276C}.Debug|Any CPU.Build.0 = Debug|Any CPU
		{535CF39E-DCAB-4CB9-8921-27F63403276C}.Release|Any CPU.ActiveCfg = Release|Any CPU
		{535CF39E-DCAB-4CB9-8921-27F63403276C}.Release|Any CPU.Build.0 = Release|Any CPU
	EndGlobalSection
	GlobalSection(SolutionProperties) = preSolution
		HideSolutionNode = FALSE
	EndGlobalSection
	GlobalSection(ExtensibilityGlobals) = postSolution
		SolutionGuid = {C9B29431-E1AA-4262-9360-0A5F0BE4D581}
	EndGlobalSection
EndGlobal
